
Microsoft Visual Studio Solution File, Format Version 12.00
# Visual Studio Version 17
VisualStudioVersion = 17.11.35327.3
MinimumVisualStudioVersion = 10.0.40219.1
Project("{8BC9CEB8-8B4A-11D0-8D11-00A0C91BC942}") = "Day01", "Day01\Day01.vcxproj", "{24E2680C-268C-4248-9A63-12358B771007}"
EndProject
Project("{8BC9CEB8-8B4A-11D0-8D11-00A0C91BC942}") = "Day02", "Day02\Day02.vcxproj", "{80667E45-442B-4240-9559-DFC8E3BD9D15}"
EndProject
Project("{8BC9CEB8-8B4A-11D0-8D11-00A0C91BC942}") = "Day03", "Day03\Day03.vcxproj", "{100D4628-9801-4DE7-B4FB-05390142276E}"
EndProject
Project("{8BC9CEB8-8B4A-11D0-8D11-00A0C91BC942}") = "Day04", "Day04\Day04.vcxproj", "{42B60C3C-C99A-48D6-AE80-C41225944C1C}"
EndProject
Project("{8BC9CEB8-8B4A-11D0-8D11-00A0C91BC942}") = "Day05", "Day05\Day05.vcxproj", "{F694D30A-D58F-452C-AB98-B0422C49B27E}"
EndProject
Project("{8BC9CEB8-8B4A-11D0-8D11-00A0C91BC942}") = "Day06", "Day06\Day06.vcxproj", "{EFC03422-8687-4EE6-A348-1BDC7040F50F}"
EndProject
Project("{8BC9CEB8-8B4A-11D0-8D11-00A0C91BC942}") = "Day07", "Day07\Day07.vcxproj", "{6ADD2DC2-D549-42A4-BC2B-E046A347EDB4}"
EndProject
Project("{8BC9CEB8-8B4A-11D0-8D11-00A0C91BC942}") = "Day08", "Day08\Day08.vcxproj", "{208FFE66-CEDE-4CB8-8130-D7B613C3266C}"
EndProject
Project("{8BC9CEB8-8B4A-11D0-8D11-00A0C91BC942}") = "Day09", "Day09\Day09.vcxproj", "{3F15D4DD-B71D-4FCA-889A-8099E8E56C27}"
EndProject
Project("{8BC9CEB8-8B4A-11D0-8D11-00A0C91BC942}") = "Day10", "Day10\Day10.vcxproj", "{C115BE25-1B20-4022-AE80-2147038D76EA}"
EndProject
Global
	GlobalSection(SolutionConfigurationPlatforms) = preSolution
		Debug|x64 = Debug|x64
		Debug|x86 = Debug|x86
		Release|x64 = Release|x64
		Release|x86 = Release|x86
	EndGlobalSection
	GlobalSection(ProjectConfigurationPlatforms) = postSolution
		{24E2680C-268C-4248-9A63-12358B771007}.Debug|x64.ActiveCfg = Debug|x64
		{24E2680C-268C-4248-9A63-12358B771007}.Debug|x64.Build.0 = Debug|x64
		{24E2680C-268C-4248-9A63-12358B771007}.Debug|x86.ActiveCfg = Debug|Win32
		{24E2680C-268C-4248-9A63-12358B771007}.Debug|x86.Build.0 = Debug|Win32
		{24E2680C-268C-4248-9A63-12358B771007}.Release|x64.ActiveCfg = Release|x64
		{24E2680C-268C-4248-9A63-12358B771007}.Release|x64.Build.0 = Release|x64
		{24E2680C-268C-4248-9A63-12358B771007}.Release|x86.ActiveCfg = Release|Win32
		{24E2680C-268C-4248-9A63-12358B771007}.Release|x86.Build.0 = Release|Win32
		{80667E45-442B-4240-9559-DFC8E3BD9D15}.Debug|x64.ActiveCfg = Debug|x64
		{80667E45-442B-4240-9559-DFC8E3BD9D15}.Debug|x64.Build.0 = Debug|x64
		{80667E45-442B-4240-9559-DFC8E3BD9D15}.Debug|x86.ActiveCfg = Debug|Win32
		{80667E45-442B-4240-9559-DFC8E3BD9D15}.Debug|x86.Build.0 = Debug|Win32
		{80667E45-442B-4240-9559-DFC8E3BD9D15}.Release|x64.ActiveCfg = Release|x64
		{80667E45-442B-4240-9559-DFC8E3BD9D15}.Release|x64.Build.0 = Release|x64
		{80667E45-442B-4240-9559-DFC8E3BD9D15}.Release|x86.ActiveCfg = Release|Win32
		{80667E45-442B-4240-9559-DFC8E3BD9D15}.Release|x86.Build.0 = Release|Win32
		{100D4628-9801-4DE7-B4FB-05390142276E}.Debug|x64.ActiveCfg = Debug|x64
		{100D4628-9801-4DE7-B4FB-05390142276E}.Debug|x64.Build.0 = Debug|x64
		{100D4628-9801-4DE7-B4FB-05390142276E}.Debug|x86.ActiveCfg = Debug|Win32
		{100D4628-9801-4DE7-B4FB-05390142276E}.Debug|x86.Build.0 = Debug|Win32
		{100D4628-9801-4DE7-B4FB-05390142276E}.Release|x64.ActiveCfg = Release|x64
		{100D4628-9801-4DE7-B4FB-05390142276E}.Release|x64.Build.0 = Release|x64
		{100D4628-9801-4DE7-B4FB-05390142276E}.Release|x86.ActiveCfg = Release|Win32
		{100D4628-9801-4DE7-B4FB-05390142276E}.Release|x86.Build.0 = Release|Win32
		{42B60C3C-C99A-48D6-AE80-C41225944C1C}.Debug|x64.ActiveCfg = Debug|x64
		{42B60C3C-C99A-48D6-AE80-C41225944C1C}.Debug|x64.Build.0 = Debug|x64
		{42B60C3C-C99A-48D6-AE80-C41225944C1C}.Debug|x86.ActiveCfg = Debug|Win32
		{42B60C3C-C99A-48D6-AE80-C41225944C1C}.Debug|x86.Build.0 = Debug|Win32
		{42B60C3C-C99A-48D6-AE80-C41225944C1C}.Release|x64.ActiveCfg = Release|x64
		{42B60C3C-C99A-48D6-AE80-C41225944C1C}.Release|x64.Build.0 = Release|x64
		{42B60C3C-C99A-48D6-AE80-C41225944C1C}.Release|x86.ActiveCfg = Release|Win32
		{42B60C3C-C99A-48D6-AE80-C41225944C1C}.Release|x86.Build.0 = Release|Win32
		{F694D30A-D58F-452C-AB98-B0422C49B27E}.Debug|x64.ActiveCfg = Debug|x64
		{F694D30A-D58F-452C-AB98-B0422C49B27E}.Debug|x64.Build.0 = Debug|x64
		{F694D30A-D58F-452C-AB98-B0422C49B27E}.Debug|x86.ActiveCfg = Debug|Win32
		{F694D30A-D58F-452C-AB98-B0422C49B27E}.Debug|x86.Build.0 = Debug|Win32
		{F694D30A-D58F-452C-AB98-B0422C49B27E}.Release|x64.ActiveCfg = Release|x64
		{F694D30A-D58F-452C-AB98-B0422C49B27E}.Release|x64.Build.0 = Release|x64
		{F694D30A-D58F-452C-AB98-B0422C49B27E}.Release|x86.ActiveCfg = Release|Win32
		{F694D30A-D58F-452C-AB98-B0422C49B27E}.Release|x86.Build.0 = Release|Win32
		{EFC03422-8687-4EE6-A348-1BDC7040F50F}.Debug|x64.ActiveCfg = Debug|x64
		{EFC03422-8687-4EE6-A348-1BDC7040F50F}.Debug|x64.Build.0 = Debug|x64
		{EFC03422-8687-4EE6-A348-1BDC7040F50F}.Debug|x86.ActiveCfg = Debug|Win32
		{EFC03422-8687-4EE6-A348-1BDC7040F50F}.Debug|x86.Build.0 = Debug|Win32
		{EFC03422-8687-4EE6-A348-1BDC7040F50F}.Release|x64.ActiveCfg = Release|x64
		{EFC03422-8687-4EE6-A348-1BDC7040F50F}.Release|x64.Build.0 = Release|x64
		{EFC03422-8687-4EE6-A348-1BDC7040F50F}.Release|x86.ActiveCfg = Release|Win32
		{EFC03422-8687-4EE6-A348-1BDC7040F50F}.Release|x86.Build.0 = Release|Win32
		{6ADD2DC2-D549-42A4-BC2B-E046A347EDB4}.Debug|x64.ActiveCfg = Debug|x64
		{6ADD2DC2-D549-42A4-BC2B-E046A347EDB4}.Debug|x64.Build.0 = Debug|x64
		{6ADD2DC2-D549-42A4-BC2B-E046A347EDB4}.Debug|x86.ActiveCfg = Debug|Win32
		{6ADD2DC2-D549-42A4-BC2B-E046A347EDB4}.Debug|x86.Build.0 = Debug|Win32
		{6ADD2DC2-D549-42A4-BC2B-E046A347EDB4}.Release|x64.ActiveCfg = Release|x64
		{6ADD2DC2-D549-42A4-BC2B-E046A347EDB4}.Release|x64.Build.0 = Release|x64
		{6ADD2DC2-D549-42A4-BC2B-E046A347EDB4}.Release|x86.ActiveCfg = Release|Win32
		{6ADD2DC2-D549-42A4-BC2B-E046A347EDB4}.Release|x86.Build.0 = Release|Win32
		{208FFE66-CEDE-4CB8-8130-D7B613C3266C}.Debug|x64.ActiveCfg = Debug|x64
		{208FFE66-CEDE-4CB8-8130-D7B613C3266C}.Debug|x64.Build.0 = Debug|x64
		{208FFE66-CEDE-4CB8-8130-D7B613C3266C}.Debug|x86.ActiveCfg = Debug|Win32
		{208FFE66-CEDE-4CB8-8130-D7B613C3266C}.Debug|x86.Build.0 = Debug|Win32
		{208FFE66-CEDE-4CB8-8130-D7B613C3266C}.Release|x64.ActiveCfg = Release|x64
		{208FFE66-CEDE-4CB8-8130-D7B613C3266C}.Release|x64.Build.0 = Release|x64
		{208FFE66-CEDE-4CB8-8130-D7B613C3266C}.Release|x86.ActiveCfg = Release|Win32
		{208FFE66-CEDE-4CB8-8130-D7B613C3266C}.Release|x86.Build.0 = Release|Win32
		{3F15D4DD-B71D-4FCA-889A-8099E8E56C27}.Debug|x64.ActiveCfg = Debug|x64
		{3F15D4DD-B71D-4FCA-889A-8099E8E56C27}.Debug|x64.Build.0 = Debug|x64
		{3F15D4DD-B71D-4FCA-889A-8099E8E56C27}.Debug|x86.ActiveCfg = Debug|Win32
		{3F15D4DD-B71D-4FCA-889A-8099E8E56C27}.Debug|x86.Build.0 = Debug|Win32
		{3F15D4DD-B71D-4FCA-889A-8099E8E56C27}.Release|x64.ActiveCfg = Release|x64
		{3F15D4DD-B71D-4FCA-889A-8099E8E56C27}.Release|x64.Build.0 = Release|x64
		{3F15D4DD-B71D-4FCA-889A-8099E8E56C27}.Release|x86.ActiveCfg = Release|Win32
		{3F15D4DD-B71D-4FCA-889A-8099E8E56C27}.Release|x86.Build.0 = Release|Win32
		{C115BE25-1B20-4022-AE80-2147038D76EA}.Debug|x64.ActiveCfg = Debug|x64
		{C115BE25-1B20-4022-AE80-2147038D76EA}.Debug|x64.Build.0 = Debug|x64
		{C115BE25-1B20-4022-AE80-2147038D76EA}.Debug|x86.ActiveCfg = Debug|Win32
		{C115BE25-1B20-4022-AE80-2147038D76EA}.Debug|x86.Build.0 = Debug|Win32
		{C115BE25-1B20-4022-AE80-2147038D76EA}.Release|x64.ActiveCfg = Release|x64
		{C115BE25-1B20-4022-AE80-2147038D76EA}.Release|x64.Build.0 = Release|x64
		{C115BE25-1B20-4022-AE80-2147038D76EA}.Release|x86.ActiveCfg = Release|Win32
		{C115BE25-1B20-4022-AE80-2147038D76EA}.Release|x86.Build.0 = Release|Win32
	EndGlobalSection
	GlobalSection(SolutionProperties) = preSolution
		HideSolutionNode = FALSE
	EndGlobalSection
	GlobalSection(ExtensibilityGlobals) = postSolution
		SolutionGuid = {68213B7B-3BB0-44D4-A85E-6D242E5BBDC9}
	EndGlobalSection
EndGlobal
