
Microsoft Visual Studio Solution File, Format Version 12.00
# Visual Studio Version 17
VisualStudioVersion = 17.11.35327.3
MinimumVisualStudioVersion = 10.0.40219.1
Project("{8BC9CEB8-8B4A-11D0-8D11-00A0C91BC942}") = "Day01", "Day01\Day01.vcxproj", "{24E2680C-268C-4248-9A63-12358B771007}"
EndProject
Project("{8BC9CEB8-8B4A-11D0-8D11-00A0C91BC942}") = "Day02", "Day02\Day02.vcxproj", "{80667E45-442B-4240-9559-DFC8E3BD9D15}"
EndProject
Project("{8BC9CEB8-8B4A-11D0-8D11-00A0C91BC942}") = "Day03", "Day03\Day03.vcxproj", "{100D4628-9801-4DE7-B4FB-05390142276E}"
EndProject
Project("{8BC9CEB8-8B4A-11D0-8D11-00A0C91BC942}") = "Day04", "Day04\Day04.vcxproj", "{42B60C3C-C99A-48D6-AE80-C41225944C1C}"
EndProject
Global
	GlobalSection(SolutionConfigurationPlatforms) = preSolution
		Debug|x64 = Debug|x64
		Debug|x86 = Debug|x86
		Release|x64 = Release|x64
		Release|x86 = Release|x86
	EndGlobalSection
	GlobalSection(ProjectConfigurationPlatforms) = postSolution
		{24E2680C-268C-4248-9A63-12358B771007}.Debug|x64.ActiveCfg = Debug|x64
		{24E2680C-268C-4248-9A63-12358B771007}.Debug|x64.Build.0 = Debug|x64
		{24E2680C-268C-4248-9A63-12358B771007}.Debug|x86.ActiveCfg = Debug|Win32
		{24E2680C-268C-4248-9A63-12358B771007}.Debug|x86.Build.0 = Debug|Win32
		{24E2680C-268C-4248-9A63-12358B771007}.Release|x64.ActiveCfg = Release|x64
		{24E2680C-268C-4248-9A63-12358B771007}.Release|x64.Build.0 = Release|x64
		{24E2680C-268C-4248-9A63-12358B771007}.Release|x86.ActiveCfg = Release|Win32
		{24E2680C-268C-4248-9A63-12358B771007}.Release|x86.Build.0 = Release|Win32
		{80667E45-442B-4240-9559-DFC8E3BD9D15}.Debug|x64.ActiveCfg = Debug|x64
		{80667E45-442B-4240-9559-DFC8E3BD9D15}.Debug|x64.Build.0 = Debug|x64
		{80667E45-442B-4240-9559-DFC8E3BD9D15}.Debug|x86.ActiveCfg = Debug|Win32
		{80667E45-442B-4240-9559-DFC8E3BD9D15}.Debug|x86.Build.0 = Debug|Win32
		{80667E45-442B-4240-9559-DFC8E3BD9D15}.Release|x64.ActiveCfg = Release|x64
		{80667E45-442B-4240-9559-DFC8E3BD9D15}.Release|x64.Build.0 = Release|x64
		{80667E45-442B-4240-9559-DFC8E3BD9D15}.Release|x86.ActiveCfg = Release|Win32
		{80667E45-442B-4240-9559-DFC8E3BD9D15}.Release|x86.Build.0 = Release|Win32
		{100D4628-9801-4DE7-B4FB-05390142276E}.Debug|x64.ActiveCfg = Debug|x64
		{100D4628-9801-4DE7-B4FB-05390142276E}.Debug|x64.Build.0 = Debug|x64
		{100D4628-9801-4DE7-B4FB-05390142276E}.Debug|x86.ActiveCfg = Debug|Win32
		{100D4628-9801-4DE7-B4FB-05390142276E}.Debug|x86.Build.0 = Debug|Win32
		{100D4628-9801-4DE7-B4FB-05390142276E}.Release|x64.ActiveCfg = Release|x64
		{100D4628-9801-4DE7-B4FB-05390142276E}.Release|x64.Build.0 = Release|x64
		{100D4628-9801-4DE7-B4FB-05390142276E}.Release|x86.ActiveCfg = Release|Win32
		{100D4628-9801-4DE7-B4FB-05390142276E}.Release|x86.Build.0 = Release|Win32
		{42B60C3C-C99A-48D6-AE80-C41225944C1C}.Debug|x64.ActiveCfg = Debug|x64
		{42B60C3C-C99A-48D6-AE80-C41225944C1C}.Debug|x64.Build.0 = Debug|x64
		{42B60C3C-C99A-48D6-AE80-C41225944C1C}.Debug|x86.ActiveCfg = Debug|Win32
		{42B60C3C-C99A-48D6-AE80-C41225944C1C}.Debug|x86.Build.0 = Debug|Win32
		{42B60C3C-C99A-48D6-AE80-C41225944C1C}.Release|x64.ActiveCfg = Release|x64
		{42B60C3C-C99A-48D6-AE80-C41225944C1C}.Release|x64.Build.0 = Release|x64
		{42B60C3C-C99A-48D6-AE80-C41225944C1C}.Release|x86.ActiveCfg = Release|Win32
		{42B60C3C-C99A-48D6-AE80-C41225944C1C}.Release|x86.Build.0 = Release|Win32
	EndGlobalSection
	GlobalSection(SolutionProperties) = preSolution
		HideSolutionNode = FALSE
	EndGlobalSection
	GlobalSection(ExtensibilityGlobals) = postSolution
		SolutionGuid = {68213B7B-3BB0-44D4-A85E-6D242E5BBDC9}
	EndGlobalSection
EndGlobal
